
Microsoft Visual Studio Solution File, Format Version 12.00
# Visual Studio 15
VisualStudioVersion = 15.0.27703.2035
MinimumVisualStudioVersion = 10.0.40219.1
Project("{8BC9CEB8-8B4A-11D0-8D11-00A0C91BC942}") = "Picar_Lib", "Picar_Lib\Picar_Lib.vcxproj", "{CA420B4C-C9B8-49F9-B97A-C3479301A870}"
EndProject
Project("{8BC9CEB8-8B4A-11D0-8D11-00A0C91BC942}") = "PCA9685", "PCA9685\PCA9685.vcxproj", "{ED9D6ECA-EC1D-4329-938B-B3AC244545CD}"
EndProject
Project("{8BC9CEB8-8B4A-11D0-8D11-00A0C91BC942}") = "System", "System\System.vcxproj", "{471EE355-6D2E-4083-9F79-53BB7528E760}"
EndProject
Project("{8BC9CEB8-8B4A-11D0-8D11-00A0C91BC942}") = "TB6612", "TB6612\TB6612.vcxproj", "{F28009B2-C92F-4F2C-9EE4-4D79199920E9}"
EndProject
Project("{8BC9CEB8-8B4A-11D0-8D11-00A0C91BC942}") = "back_wheels", "back_wheels\back_wheels.vcxproj", "{B51C78BD-4EE4-429E-A355-7CFBEC441327}"
EndProject
Project("{8BC9CEB8-8B4A-11D0-8D11-00A0C91BC942}") = "filedb", "filedb\filedb.vcxproj", "{EE427E79-2F58-48BE-8EC2-51551277B7A7}"
EndProject
Project("{8BC9CEB8-8B4A-11D0-8D11-00A0C91BC942}") = "front_wheels", "front_wheels\front_wheels.vcxproj", "{E6CB975C-9EF3-419C-A70F-7E34DAE8B214}"
EndProject
Global
	GlobalSection(SolutionConfigurationPlatforms) = preSolution
		Debug|ARM = Debug|ARM
		Release|ARM = Release|ARM
	EndGlobalSection
	GlobalSection(ProjectConfigurationPlatforms) = postSolution
		{CA420B4C-C9B8-49F9-B97A-C3479301A870}.Debug|ARM.ActiveCfg = Debug|ARM
		{CA420B4C-C9B8-49F9-B97A-C3479301A870}.Debug|ARM.Build.0 = Debug|ARM
		{CA420B4C-C9B8-49F9-B97A-C3479301A870}.Release|ARM.ActiveCfg = Release|ARM
		{CA420B4C-C9B8-49F9-B97A-C3479301A870}.Release|ARM.Build.0 = Release|ARM
		{ED9D6ECA-EC1D-4329-938B-B3AC244545CD}.Debug|ARM.ActiveCfg = Debug|ARM
		{ED9D6ECA-EC1D-4329-938B-B3AC244545CD}.Debug|ARM.Build.0 = Debug|ARM
		{ED9D6ECA-EC1D-4329-938B-B3AC244545CD}.Release|ARM.ActiveCfg = Release|ARM
		{ED9D6ECA-EC1D-4329-938B-B3AC244545CD}.Release|ARM.Build.0 = Release|ARM
		{471EE355-6D2E-4083-9F79-53BB7528E760}.Debug|ARM.ActiveCfg = Debug|ARM
		{471EE355-6D2E-4083-9F79-53BB7528E760}.Debug|ARM.Build.0 = Debug|ARM
		{471EE355-6D2E-4083-9F79-53BB7528E760}.Release|ARM.ActiveCfg = Release|ARM
		{471EE355-6D2E-4083-9F79-53BB7528E760}.Release|ARM.Build.0 = Release|ARM
		{F28009B2-C92F-4F2C-9EE4-4D79199920E9}.Debug|ARM.ActiveCfg = Debug|ARM
		{F28009B2-C92F-4F2C-9EE4-4D79199920E9}.Debug|ARM.Build.0 = Debug|ARM
		{F28009B2-C92F-4F2C-9EE4-4D79199920E9}.Release|ARM.ActiveCfg = Release|ARM
		{F28009B2-C92F-4F2C-9EE4-4D79199920E9}.Release|ARM.Build.0 = Release|ARM
		{B51C78BD-4EE4-429E-A355-7CFBEC441327}.Debug|ARM.ActiveCfg = Debug|ARM
		{B51C78BD-4EE4-429E-A355-7CFBEC441327}.Debug|ARM.Build.0 = Debug|ARM
		{B51C78BD-4EE4-429E-A355-7CFBEC441327}.Release|ARM.ActiveCfg = Release|ARM
		{B51C78BD-4EE4-429E-A355-7CFBEC441327}.Release|ARM.Build.0 = Release|ARM
		{EE427E79-2F58-48BE-8EC2-51551277B7A7}.Debug|ARM.ActiveCfg = Debug|ARM
		{EE427E79-2F58-48BE-8EC2-51551277B7A7}.Debug|ARM.Build.0 = Debug|ARM
		{EE427E79-2F58-48BE-8EC2-51551277B7A7}.Release|ARM.ActiveCfg = Release|ARM
		{EE427E79-2F58-48BE-8EC2-51551277B7A7}.Release|ARM.Build.0 = Release|ARM
		{E6CB975C-9EF3-419C-A70F-7E34DAE8B214}.Debug|ARM.ActiveCfg = Debug|ARM
		{E6CB975C-9EF3-419C-A70F-7E34DAE8B214}.Debug|ARM.Build.0 = Debug|ARM
		{E6CB975C-9EF3-419C-A70F-7E34DAE8B214}.Release|ARM.ActiveCfg = Release|ARM
		{E6CB975C-9EF3-419C-A70F-7E34DAE8B214}.Release|ARM.Build.0 = Release|ARM
	EndGlobalSection
	GlobalSection(SolutionProperties) = preSolution
		HideSolutionNode = FALSE
	EndGlobalSection
	GlobalSection(ExtensibilityGlobals) = postSolution
		SolutionGuid = {D7DC1E24-2264-47FE-BFA2-AA911B425AF8}
	EndGlobalSection
EndGlobal
