
Microsoft Visual Studio Solution File, Format Version 12.00
# Visual Studio 15
VisualStudioVersion = 15.0.27703.2035
MinimumVisualStudioVersion = 10.0.40219.1
Project("{8BC9CEB8-8B4A-11D0-8D11-00A0C91BC942}") = "Picar_Lib", "Picar_Lib\Picar_Lib.vcxproj", "{CA420B4C-C9B8-49F9-B97A-C3479301A870}"
EndProject
Global
	GlobalSection(SolutionConfigurationPlatforms) = preSolution
		Debug|ARM = Debug|ARM
		Release|ARM = Release|ARM
	EndGlobalSection
	GlobalSection(ProjectConfigurationPlatforms) = postSolution
		{CA420B4C-C9B8-49F9-B97A-C3479301A870}.Debug|ARM.ActiveCfg = Debug|ARM
		{CA420B4C-C9B8-49F9-B97A-C3479301A870}.Debug|ARM.Build.0 = Debug|ARM
		{CA420B4C-C9B8-49F9-B97A-C3479301A870}.Release|ARM.ActiveCfg = Release|ARM
		{CA420B4C-C9B8-49F9-B97A-C3479301A870}.Release|ARM.Build.0 = Release|ARM
	EndGlobalSection
	GlobalSection(SolutionProperties) = preSolution
		HideSolutionNode = FALSE
	EndGlobalSection
	GlobalSection(ExtensibilityGlobals) = postSolution
		SolutionGuid = {D7DC1E24-2264-47FE-BFA2-AA911B425AF8}
	EndGlobalSection
EndGlobal
